
Microsoft Visual Studio Solution File, Format Version 12.00
# Visual Studio Version 16
VisualStudioVersion = 16.0.29418.71
MinimumVisualStudioVersion = 10.0.40219.1
Project("{FAE04EC0-301F-11D3-BF4B-00C04F79EFBC}") = "ConsoleGame", "ConsoleGame\ConsoleGame.csproj", "{01BCEF49-5350-463A-AB80-E7F94723EAF3}"
EndProject
Global
	GlobalSection(SolutionConfigurationPlatforms) = preSolution
		Debug|Any CPU = Debug|Any CPU
		Release|Any CPU = Release|Any CPU
	EndGlobalSection
	GlobalSection(ProjectConfigurationPlatforms) = postSolution
		{01BCEF49-5350-463A-AB80-E7F94723EAF3}.Debug|Any CPU.ActiveCfg = Debug|Any CPU
		{01BCEF49-5350-463A-AB80-E7F94723EAF3}.Debug|Any CPU.Build.0 = Debug|Any CPU
		{01BCEF49-5350-463A-AB80-E7F94723EAF3}.Release|Any CPU.ActiveCfg = Release|Any CPU
		{01BCEF49-5350-463A-AB80-E7F94723EAF3}.Release|Any CPU.Build.0 = Release|Any CPU
	EndGlobalSection
	GlobalSection(SolutionProperties) = preSolution
		HideSolutionNode = FALSE
	EndGlobalSection
	GlobalSection(ExtensibilityGlobals) = postSolution
		SolutionGuid = {D5EA1474-FC9F-48A2-89B4-D39DE6C48042}
	EndGlobalSection
EndGlobal
